// !$*UTF8*$!
{
	archiveVersion = 1;
	classes = {
	};
	objectVersion = 46;
	objects = {

/* Begin PBXBuildFile section */
		5A7FDDD81F1B6F410021EB4C /* Colors.swift in Sources */ = {isa = PBXBuildFile; fileRef = 5A7FDDD71F1B6F410021EB4C /* Colors.swift */; };
		5A7FDDDA1F1B8B100021EB4C /* NewTopicViewController.swift in Sources */ = {isa = PBXBuildFile; fileRef = 5A7FDDD91F1B8B100021EB4C /* NewTopicViewController.swift */; };
		5AD5DC481F1C6109003A4AD5 /* User.swift in Sources */ = {isa = PBXBuildFile; fileRef = 5AD5DC471F1C6109003A4AD5 /* User.swift */; };
		5AD5DC4A1F1C6254003A4AD5 /* Topic.swift in Sources */ = {isa = PBXBuildFile; fileRef = 5AD5DC491F1C6254003A4AD5 /* Topic.swift */; };
		5AD5DC4C1F1C6F47003A4AD5 /* Utils.swift in Sources */ = {isa = PBXBuildFile; fileRef = 5AD5DC4B1F1C6F47003A4AD5 /* Utils.swift */; };
		5AE1F0041F1B2DB5004D35D3 /* AppDelegate.swift in Sources */ = {isa = PBXBuildFile; fileRef = 5AE1F0031F1B2DB5004D35D3 /* AppDelegate.swift */; };
		5AE1F0061F1B2DB5004D35D3 /* HomeViewController.swift in Sources */ = {isa = PBXBuildFile; fileRef = 5AE1F0051F1B2DB5004D35D3 /* HomeViewController.swift */; };
		5AE1F0091F1B2DB5004D35D3 /* Main.storyboard in Resources */ = {isa = PBXBuildFile; fileRef = 5AE1F0071F1B2DB5004D35D3 /* Main.storyboard */; };
		5AE1F00E1F1B2DB5004D35D3 /* LaunchScreen.storyboard in Resources */ = {isa = PBXBuildFile; fileRef = 5AE1F00C1F1B2DB5004D35D3 /* LaunchScreen.storyboard */; };
		5AE1F0191F1B2DB5004D35D3 /* redditTests.swift in Sources */ = {isa = PBXBuildFile; fileRef = 5AE1F0181F1B2DB5004D35D3 /* redditTests.swift */; };
		5AE1F0281F1B3314004D35D3 /* TopicCell.swift in Sources */ = {isa = PBXBuildFile; fileRef = 5AE1F0261F1B3314004D35D3 /* TopicCell.swift */; };
		5AE1F0291F1B3314004D35D3 /* TopicCell.xib in Resources */ = {isa = PBXBuildFile; fileRef = 5AE1F0271F1B3314004D35D3 /* TopicCell.xib */; };
		5AF554331F1D121C00B8B6E7 /* Assets.xcassets in Resources */ = {isa = PBXBuildFile; fileRef = 5AF554321F1D121C00B8B6E7 /* Assets.xcassets */; };
/* End PBXBuildFile section */

/* Begin PBXContainerItemProxy section */
		5AE1F0151F1B2DB5004D35D3 /* PBXContainerItemProxy */ = {
			isa = PBXContainerItemProxy;
			containerPortal = 5AE1EFF81F1B2DB4004D35D3 /* Project object */;
			proxyType = 1;
			remoteGlobalIDString = 5AE1EFFF1F1B2DB4004D35D3;
			remoteInfo = reddit;
		};
/* End PBXContainerItemProxy section */

/* Begin PBXFileReference section */
		5A7FDDD71F1B6F410021EB4C /* Colors.swift */ = {isa = PBXFileReference; fileEncoding = 4; lastKnownFileType = sourcecode.swift; path = Colors.swift; sourceTree = "<group>"; };
		5A7FDDD91F1B8B100021EB4C /* NewTopicViewController.swift */ = {isa = PBXFileReference; fileEncoding = 4; lastKnownFileType = sourcecode.swift; path = NewTopicViewController.swift; sourceTree = "<group>"; };
		5AD5DC471F1C6109003A4AD5 /* User.swift */ = {isa = PBXFileReference; fileEncoding = 4; lastKnownFileType = sourcecode.swift; name = User.swift; path = User.swift; sourceTree = "<group>"; };
		5AD5DC491F1C6254003A4AD5 /* Topic.swift */ = {isa = PBXFileReference; fileEncoding = 4; lastKnownFileType = sourcecode.swift; name = Topic.swift; path = Topic.swift; sourceTree = "<group>"; };
		5AD5DC4B1F1C6F47003A4AD5 /* Utils.swift */ = {isa = PBXFileReference; fileEncoding = 4; lastKnownFileType = sourcecode.swift; path = Utils.swift; sourceTree = "<group>"; };
		5AE1F0001F1B2DB5004D35D3 /* reddit.app */ = {isa = PBXFileReference; explicitFileType = wrapper.application; includeInIndex = 0; path = reddit.app; sourceTree = BUILT_PRODUCTS_DIR; };
		5AE1F0031F1B2DB5004D35D3 /* AppDelegate.swift */ = {isa = PBXFileReference; lastKnownFileType = sourcecode.swift; path = AppDelegate.swift; sourceTree = "<group>"; };
		5AE1F0051F1B2DB5004D35D3 /* HomeViewController.swift */ = {isa = PBXFileReference; lastKnownFileType = sourcecode.swift; path = HomeViewController.swift; sourceTree = "<group>"; };
		5AE1F0081F1B2DB5004D35D3 /* Base */ = {isa = PBXFileReference; lastKnownFileType = file.storyboard; name = Base; path = Base.lproj/Main.storyboard; sourceTree = "<group>"; };
		5AE1F00D1F1B2DB5004D35D3 /* Base */ = {isa = PBXFileReference; lastKnownFileType = file.storyboard; name = Base; path = Base.lproj/LaunchScreen.storyboard; sourceTree = "<group>"; };
		5AE1F00F1F1B2DB5004D35D3 /* Info.plist */ = {isa = PBXFileReference; lastKnownFileType = text.plist.xml; path = Info.plist; sourceTree = "<group>"; };
		5AE1F0141F1B2DB5004D35D3 /* redditTests.xctest */ = {isa = PBXFileReference; explicitFileType = wrapper.cfbundle; includeInIndex = 0; path = redditTests.xctest; sourceTree = BUILT_PRODUCTS_DIR; };
		5AE1F0181F1B2DB5004D35D3 /* redditTests.swift */ = {isa = PBXFileReference; lastKnownFileType = sourcecode.swift; path = redditTests.swift; sourceTree = "<group>"; };
		5AE1F01A1F1B2DB5004D35D3 /* Info.plist */ = {isa = PBXFileReference; lastKnownFileType = text.plist.xml; path = Info.plist; sourceTree = "<group>"; };
		5AE1F0261F1B3314004D35D3 /* TopicCell.swift */ = {isa = PBXFileReference; fileEncoding = 4; lastKnownFileType = sourcecode.swift; path = TopicCell.swift; sourceTree = "<group>"; };
		5AE1F0271F1B3314004D35D3 /* TopicCell.xib */ = {isa = PBXFileReference; fileEncoding = 4; lastKnownFileType = file.xib; path = TopicCell.xib; sourceTree = "<group>"; };
		5AF554321F1D121C00B8B6E7 /* Assets.xcassets */ = {isa = PBXFileReference; lastKnownFileType = folder.assetcatalog; path = Assets.xcassets; sourceTree = "<group>"; };
/* End PBXFileReference section */

/* Begin PBXFrameworksBuildPhase section */
		5AE1EFFD1F1B2DB4004D35D3 /* Frameworks */ = {
			isa = PBXFrameworksBuildPhase;
			buildActionMask = 2147483647;
			files = (
			);
			runOnlyForDeploymentPostprocessing = 0;
		};
		5AE1F0111F1B2DB5004D35D3 /* Frameworks */ = {
			isa = PBXFrameworksBuildPhase;
			buildActionMask = 2147483647;
			files = (
			);
			runOnlyForDeploymentPostprocessing = 0;
		};
/* End PBXFrameworksBuildPhase section */

/* Begin PBXGroup section */
		5A7FDDD61F1B6F300021EB4C /* Utils */ = {
			isa = PBXGroup;
			children = (
				5A7FDDD71F1B6F410021EB4C /* Colors.swift */,
				5AD5DC4B1F1C6F47003A4AD5 /* Utils.swift */,
			);
			path = Utils;
			sourceTree = "<group>";
		};
		5AE1EFF71F1B2DB4004D35D3 = {
			isa = PBXGroup;
			children = (
				5AE1F0011F1B2DB5004D35D3 /* Products */,
				5AE1F0021F1B2DB5004D35D3 /* reddit */,
				5AE1F0171F1B2DB5004D35D3 /* redditTests */,
			);
			sourceTree = "<group>";
		};
		5AE1F0011F1B2DB5004D35D3 /* Products */ = {
			isa = PBXGroup;
			children = (
				5AE1F0001F1B2DB5004D35D3 /* reddit.app */,
				5AE1F0141F1B2DB5004D35D3 /* redditTests.xctest */,
			);
			name = Products;
			sourceTree = "<group>";
		};
		5AE1F0021F1B2DB5004D35D3 /* reddit */ = {
			isa = PBXGroup;
			children = (
				5AE1F0251F1B32A2004D35D3 /* Models */,
				5A7FDDD61F1B6F300021EB4C /* Utils */,
				5AE1F0241F1B3298004D35D3 /* ViewControllers */,
				5AE1F0231F1B328F004D35D3 /* Views */,
				5AE1F0031F1B2DB5004D35D3 /* AppDelegate.swift */,
				5AF554321F1D121C00B8B6E7 /* Assets.xcassets */,
				5AE1F00F1F1B2DB5004D35D3 /* Info.plist */,
				5AE1F00C1F1B2DB5004D35D3 /* LaunchScreen.storyboard */,
				5AE1F0071F1B2DB5004D35D3 /* Main.storyboard */,
			);
			path = reddit;
			sourceTree = "<group>";
		};
		5AE1F0171F1B2DB5004D35D3 /* redditTests */ = {
			isa = PBXGroup;
			children = (
				5AE1F01A1F1B2DB5004D35D3 /* Info.plist */,
				5AE1F0181F1B2DB5004D35D3 /* redditTests.swift */,
			);
			path = redditTests;
			sourceTree = "<group>";
		};
		5AE1F0231F1B328F004D35D3 /* Views */ = {
			isa = PBXGroup;
			children = (
				5AE1F0261F1B3314004D35D3 /* TopicCell.swift */,
				5AE1F0271F1B3314004D35D3 /* TopicCell.xib */,
			);
			path = Views;
			sourceTree = "<group>";
		};
		5AE1F0241F1B3298004D35D3 /* ViewControllers */ = {
			isa = PBXGroup;
			children = (
				5AE1F0051F1B2DB5004D35D3 /* HomeViewController.swift */,
				5A7FDDD91F1B8B100021EB4C /* NewTopicViewController.swift */,
			);
			path = ViewControllers;
			sourceTree = "<group>";
		};
		5AE1F0251F1B32A2004D35D3 /* Models */ = {
			isa = PBXGroup;
			children = (
				5AD5DC491F1C6254003A4AD5 /* Topic.swift */,
				5AD5DC471F1C6109003A4AD5 /* User.swift */,
			);
			path = Models;
			sourceTree = "<group>";
		};
/* End PBXGroup section */

/* Begin PBXNativeTarget section */
		5AE1EFFF1F1B2DB4004D35D3 /* reddit */ = {
			isa = PBXNativeTarget;
			buildConfigurationList = 5AE1F01D1F1B2DB5004D35D3 /* Build configuration list for PBXNativeTarget "reddit" */;
			buildPhases = (
				5AE1EFFC1F1B2DB4004D35D3 /* Sources */,
				5AE1EFFD1F1B2DB4004D35D3 /* Frameworks */,
				5AE1EFFE1F1B2DB4004D35D3 /* Resources */,
			);
			buildRules = (
			);
			dependencies = (
			);
			name = reddit;
			productName = reddit;
			productReference = 5AE1F0001F1B2DB5004D35D3 /* reddit.app */;
			productType = "com.apple.product-type.application";
		};
		5AE1F0131F1B2DB5004D35D3 /* redditTests */ = {
			isa = PBXNativeTarget;
			buildConfigurationList = 5AE1F0201F1B2DB5004D35D3 /* Build configuration list for PBXNativeTarget "redditTests" */;
			buildPhases = (
				5AE1F0101F1B2DB5004D35D3 /* Sources */,
				5AE1F0111F1B2DB5004D35D3 /* Frameworks */,
				5AE1F0121F1B2DB5004D35D3 /* Resources */,
			);
			buildRules = (
			);
			dependencies = (
				5AE1F0161F1B2DB5004D35D3 /* PBXTargetDependency */,
			);
			name = redditTests;
			productName = redditTests;
			productReference = 5AE1F0141F1B2DB5004D35D3 /* redditTests.xctest */;
			productType = "com.apple.product-type.bundle.unit-test";
		};
/* End PBXNativeTarget section */

/* Begin PBXProject section */
		5AE1EFF81F1B2DB4004D35D3 /* Project object */ = {
			isa = PBXProject;
			attributes = {
				LastSwiftUpdateCheck = 0820;
				LastUpgradeCheck = 0820;
				ORGANIZATIONNAME = "Quoc Huy Ngo";
				TargetAttributes = {
					5AE1EFFF1F1B2DB4004D35D3 = {
						CreatedOnToolsVersion = 8.2.1;
						DevelopmentTeam = 589Z4L567V;
						ProvisioningStyle = Automatic;
					};
					5AE1F0131F1B2DB5004D35D3 = {
						CreatedOnToolsVersion = 8.2.1;
						DevelopmentTeam = 589Z4L567V;
						ProvisioningStyle = Automatic;
						TestTargetID = 5AE1EFFF1F1B2DB4004D35D3;
					};
				};
			};
			buildConfigurationList = 5AE1EFFB1F1B2DB4004D35D3 /* Build configuration list for PBXProject "reddit" */;
			compatibilityVersion = "Xcode 3.2";
			developmentRegion = English;
			hasScannedForEncodings = 0;
			knownRegions = (
				en,
				Base,
			);
			mainGroup = 5AE1EFF71F1B2DB4004D35D3;
			productRefGroup = 5AE1F0011F1B2DB5004D35D3 /* Products */;
			projectDirPath = "";
			projectRoot = "";
			targets = (
				5AE1EFFF1F1B2DB4004D35D3 /* reddit */,
				5AE1F0131F1B2DB5004D35D3 /* redditTests */,
			);
		};
/* End PBXProject section */

/* Begin PBXResourcesBuildPhase section */
		5AE1EFFE1F1B2DB4004D35D3 /* Resources */ = {
			isa = PBXResourcesBuildPhase;
			buildActionMask = 2147483647;
			files = (
				5AE1F00E1F1B2DB5004D35D3 /* LaunchScreen.storyboard in Resources */,
				5AE1F0291F1B3314004D35D3 /* TopicCell.xib in Resources */,
				5AF554331F1D121C00B8B6E7 /* Assets.xcassets in Resources */,
				5AE1F0091F1B2DB5004D35D3 /* Main.storyboard in Resources */,
			);
			runOnlyForDeploymentPostprocessing = 0;
		};
		5AE1F0121F1B2DB5004D35D3 /* Resources */ = {
			isa = PBXResourcesBuildPhase;
			buildActionMask = 2147483647;
			files = (
			);
			runOnlyForDeploymentPostprocessing = 0;
		};
/* End PBXResourcesBuildPhase section */

/* Begin PBXSourcesBuildPhase section */
		5AE1EFFC1F1B2DB4004D35D3 /* Sources */ = {
			isa = PBXSourcesBuildPhase;
			buildActionMask = 2147483647;
			files = (
				5AE1F0061F1B2DB5004D35D3 /* HomeViewController.swift in Sources */,
				5A7FDDD81F1B6F410021EB4C /* Colors.swift in Sources */,
				5AD5DC481F1C6109003A4AD5 /* User.swift in Sources */,
				5AE1F0281F1B3314004D35D3 /* TopicCell.swift in Sources */,
				5A7FDDDA1F1B8B100021EB4C /* NewTopicViewController.swift in Sources */,
				5AE1F0041F1B2DB5004D35D3 /* AppDelegate.swift in Sources */,
				5AD5DC4A1F1C6254003A4AD5 /* Topic.swift in Sources */,
				5AD5DC4C1F1C6F47003A4AD5 /* Utils.swift in Sources */,
			);
			runOnlyForDeploymentPostprocessing = 0;
		};
		5AE1F0101F1B2DB5004D35D3 /* Sources */ = {
			isa = PBXSourcesBuildPhase;
			buildActionMask = 2147483647;
			files = (
				5AE1F0191F1B2DB5004D35D3 /* redditTests.swift in Sources */,
			);
			runOnlyForDeploymentPostprocessing = 0;
		};
/* End PBXSourcesBuildPhase section */

/* Begin PBXTargetDependency section */
		5AE1F0161F1B2DB5004D35D3 /* PBXTargetDependency */ = {
			isa = PBXTargetDependency;
			target = 5AE1EFFF1F1B2DB4004D35D3 /* reddit */;
			targetProxy = 5AE1F0151F1B2DB5004D35D3 /* PBXContainerItemProxy */;
		};
/* End PBXTargetDependency section */

/* Begin PBXVariantGroup section */
		5AE1F0071F1B2DB5004D35D3 /* Main.storyboard */ = {
			isa = PBXVariantGroup;
			children = (
				5AE1F0081F1B2DB5004D35D3 /* Base */,
			);
			name = Main.storyboard;
			path = .;
			sourceTree = "<group>";
		};
		5AE1F00C1F1B2DB5004D35D3 /* LaunchScreen.storyboard */ = {
			isa = PBXVariantGroup;
			children = (
				5AE1F00D1F1B2DB5004D35D3 /* Base */,
			);
			name = LaunchScreen.storyboard;
			path = .;
			sourceTree = "<group>";
		};
/* End PBXVariantGroup section */

/* Begin XCBuildConfiguration section */
		5AE1F01B1F1B2DB5004D35D3 /* Debug */ = {
			isa = XCBuildConfiguration;
			buildSettings = {
				ALWAYS_SEARCH_USER_PATHS = NO;
				CLANG_ANALYZER_NONNULL = YES;
				CLANG_CXX_LANGUAGE_STANDARD = "gnu++0x";
				CLANG_CXX_LIBRARY = "libc++";
				CLANG_ENABLE_MODULES = YES;
				CLANG_ENABLE_OBJC_ARC = YES;
				CLANG_WARN_BOOL_CONVERSION = YES;
				CLANG_WARN_CONSTANT_CONVERSION = YES;
				CLANG_WARN_DIRECT_OBJC_ISA_USAGE = YES_ERROR;
				CLANG_WARN_DOCUMENTATION_COMMENTS = YES;
				CLANG_WARN_EMPTY_BODY = YES;
				CLANG_WARN_ENUM_CONVERSION = YES;
				CLANG_WARN_INFINITE_RECURSION = YES;
				CLANG_WARN_INT_CONVERSION = YES;
				CLANG_WARN_OBJC_ROOT_CLASS = YES_ERROR;
				CLANG_WARN_SUSPICIOUS_MOVE = YES;
				CLANG_WARN_UNREACHABLE_CODE = YES;
				CLANG_WARN__DUPLICATE_METHOD_MATCH = YES;
				"CODE_SIGN_IDENTITY[sdk=iphoneos*]" = "iPhone Developer";
				COPY_PHASE_STRIP = NO;
				DEBUG_INFORMATION_FORMAT = dwarf;
				ENABLE_STRICT_OBJC_MSGSEND = YES;
				ENABLE_TESTABILITY = YES;
				GCC_C_LANGUAGE_STANDARD = gnu99;
				GCC_DYNAMIC_NO_PIC = NO;
				GCC_NO_COMMON_BLOCKS = YES;
				GCC_OPTIMIZATION_LEVEL = 0;
				GCC_PREPROCESSOR_DEFINITIONS = (
					"DEBUG=1",
					"$(inherited)",
				);
				GCC_WARN_64_TO_32_BIT_CONVERSION = YES;
				GCC_WARN_ABOUT_RETURN_TYPE = YES_ERROR;
				GCC_WARN_UNDECLARED_SELECTOR = YES;
				GCC_WARN_UNINITIALIZED_AUTOS = YES_AGGRESSIVE;
				GCC_WARN_UNUSED_FUNCTION = YES;
				GCC_WARN_UNUSED_VARIABLE = YES;
				IPHONEOS_DEPLOYMENT_TARGET = 10.2;
				MTL_ENABLE_DEBUG_INFO = YES;
				ONLY_ACTIVE_ARCH = YES;
				SDKROOT = iphoneos;
				SWIFT_ACTIVE_COMPILATION_CONDITIONS = DEBUG;
				SWIFT_OPTIMIZATION_LEVEL = "-Onone";
			};
			name = Debug;
		};
		5AE1F01C1F1B2DB5004D35D3 /* Release */ = {
			isa = XCBuildConfiguration;
			buildSettings = {
				ALWAYS_SEARCH_USER_PATHS = NO;
				CLANG_ANALYZER_NONNULL = YES;
				CLANG_CXX_LANGUAGE_STANDARD = "gnu++0x";
				CLANG_CXX_LIBRARY = "libc++";
				CLANG_ENABLE_MODULES = YES;
				CLANG_ENABLE_OBJC_ARC = YES;
				CLANG_WARN_BOOL_CONVERSION = YES;
				CLANG_WARN_CONSTANT_CONVERSION = YES;
				CLANG_WARN_DIRECT_OBJC_ISA_USAGE = YES_ERROR;
				CLANG_WARN_DOCUMENTATION_COMMENTS = YES;
				CLANG_WARN_EMPTY_BODY = YES;
				CLANG_WARN_ENUM_CONVERSION = YES;
				CLANG_WARN_INFINITE_RECURSION = YES;
				CLANG_WARN_INT_CONVERSION = YES;
				CLANG_WARN_OBJC_ROOT_CLASS = YES_ERROR;
				CLANG_WARN_SUSPICIOUS_MOVE = YES;
				CLANG_WARN_UNREACHABLE_CODE = YES;
				CLANG_WARN__DUPLICATE_METHOD_MATCH = YES;
				"CODE_SIGN_IDENTITY[sdk=iphoneos*]" = "iPhone Developer";
				COPY_PHASE_STRIP = NO;
				DEBUG_INFORMATION_FORMAT = "dwarf-with-dsym";
				ENABLE_NS_ASSERTIONS = NO;
				ENABLE_STRICT_OBJC_MSGSEND = YES;
				GCC_C_LANGUAGE_STANDARD = gnu99;
				GCC_NO_COMMON_BLOCKS = YES;
				GCC_WARN_64_TO_32_BIT_CONVERSION = YES;
				GCC_WARN_ABOUT_RETURN_TYPE = YES_ERROR;
				GCC_WARN_UNDECLARED_SELECTOR = YES;
				GCC_WARN_UNINITIALIZED_AUTOS = YES_AGGRESSIVE;
				GCC_WARN_UNUSED_FUNCTION = YES;
				GCC_WARN_UNUSED_VARIABLE = YES;
				IPHONEOS_DEPLOYMENT_TARGET = 10.2;
				MTL_ENABLE_DEBUG_INFO = NO;
				SDKROOT = iphoneos;
				SWIFT_OPTIMIZATION_LEVEL = "-Owholemodule";
				VALIDATE_PRODUCT = YES;
			};
			name = Release;
		};
		5AE1F01E1F1B2DB5004D35D3 /* Debug */ = {
			isa = XCBuildConfiguration;
			buildSettings = {
				ASSETCATALOG_COMPILER_APPICON_NAME = AppIcon;
				DEVELOPMENT_TEAM = 589Z4L567V;
				INFOPLIST_FILE = reddit/Info.plist;
				LD_RUNPATH_SEARCH_PATHS = "$(inherited) @executable_path/Frameworks";
				PRODUCT_BUNDLE_IDENTIFIER = com.quochuyngo.reddit;
				PRODUCT_NAME = "$(TARGET_NAME)";
				SWIFT_VERSION = 3.0;
			};
			name = Debug;
		};
		5AE1F01F1F1B2DB5004D35D3 /* Release */ = {
			isa = XCBuildConfiguration;
			buildSettings = {
				ASSETCATALOG_COMPILER_APPICON_NAME = AppIcon;
				DEVELOPMENT_TEAM = 589Z4L567V;
				INFOPLIST_FILE = reddit/Info.plist;
				LD_RUNPATH_SEARCH_PATHS = "$(inherited) @executable_path/Frameworks";
				PRODUCT_BUNDLE_IDENTIFIER = com.quochuyngo.reddit;
				PRODUCT_NAME = "$(TARGET_NAME)";
				SWIFT_VERSION = 3.0;
			};
			name = Release;
		};
		5AE1F0211F1B2DB5004D35D3 /* Debug */ = {
			isa = XCBuildConfiguration;
			buildSettings = {
				ALWAYS_EMBED_SWIFT_STANDARD_LIBRARIES = YES;
				BUNDLE_LOADER = "$(TEST_HOST)";
				DEVELOPMENT_TEAM = 589Z4L567V;
				INFOPLIST_FILE = redditTests/Info.plist;
				LD_RUNPATH_SEARCH_PATHS = "$(inherited) @executable_path/Frameworks @loader_path/Frameworks";
				PRODUCT_BUNDLE_IDENTIFIER = com.quochuyngo.redditTests;
				PRODUCT_NAME = "$(TARGET_NAME)";
				SWIFT_VERSION = 3.0;
				TEST_HOST = "$(BUILT_PRODUCTS_DIR)/reddit.app/reddit";
			};
			name = Debug;
		};
		5AE1F0221F1B2DB5004D35D3 /* Release */ = {
			isa = XCBuildConfiguration;
			buildSettings = {
				ALWAYS_EMBED_SWIFT_STANDARD_LIBRARIES = YES;
				BUNDLE_LOADER = "$(TEST_HOST)";
				DEVELOPMENT_TEAM = 589Z4L567V;
				INFOPLIST_FILE = redditTests/Info.plist;
				LD_RUNPATH_SEARCH_PATHS = "$(inherited) @executable_path/Frameworks @loader_path/Frameworks";
				PRODUCT_BUNDLE_IDENTIFIER = com.quochuyngo.redditTests;
				PRODUCT_NAME = "$(TARGET_NAME)";
				SWIFT_VERSION = 3.0;
				TEST_HOST = "$(BUILT_PRODUCTS_DIR)/reddit.app/reddit";
			};
			name = Release;
		};
/* End XCBuildConfiguration section */

/* Begin XCConfigurationList section */
		5AE1EFFB1F1B2DB4004D35D3 /* Build configuration list for PBXProject "reddit" */ = {
			isa = XCConfigurationList;
			buildConfigurations = (
				5AE1F01B1F1B2DB5004D35D3 /* Debug */,
				5AE1F01C1F1B2DB5004D35D3 /* Release */,
			);
			defaultConfigurationIsVisible = 0;
			defaultConfigurationName = Release;
		};
		5AE1F01D1F1B2DB5004D35D3 /* Build configuration list for PBXNativeTarget "reddit" */ = {
			isa = XCConfigurationList;
			buildConfigurations = (
				5AE1F01E1F1B2DB5004D35D3 /* Debug */,
				5AE1F01F1F1B2DB5004D35D3 /* Release */,
			);
			defaultConfigurationIsVisible = 0;
			defaultConfigurationName = Release;
		};
		5AE1F0201F1B2DB5004D35D3 /* Build configuration list for PBXNativeTarget "redditTests" */ = {
			isa = XCConfigurationList;
			buildConfigurations = (
				5AE1F0211F1B2DB5004D35D3 /* Debug */,
				5AE1F0221F1B2DB5004D35D3 /* Release */,
			);
			defaultConfigurationIsVisible = 0;
			defaultConfigurationName = Release;
		};
/* End XCConfigurationList section */
	};
	rootObject = 5AE1EFF81F1B2DB4004D35D3 /* Project object */;
}
